github.com/google/uuid v1.5.0 h1:1p67kYwdtXjb0gL0BPiP1Av9wiZPo5A8z2cWkTZ+eyU=
github.com/google/uuid v1.5.0/go.mod h1:TIyPZe4MgqvfeYDBFedMoGGpEw/LqOeaOT+nhxU+yHo=
github.com/levtk/sequra/disburse v0.0.0-20240108120330-8f82c26e8a44 h1:GHmOyhCMFjcjzyY2Cxwy0hB2AQUcUs5ZtiZdFWXfIW8=
github.com/levtk/sequra/disburse v0.0.0-20240108120330-8f82c26e8a44/go.mod h1:hb/gKuZ61h1O+F+ReTtDUbfQxG2tgMqkq8NBxrzWlOQ=
github.com/levtk/sequra/disburse v0.0.0-20240108122924-d948c2a31e5a h1:9KtvZgxO5QW6PAwJit4FDOWKFq4de2WkShJu2Dtcz5s=
github.com/levtk/sequra/disburse v0.0.0-20240108122924-d948c2a31e5a/go.mod h1:ejWmpXBf/oj2/nbehOb+Jywg8zLEgvXkZyzTuLtncK4=
github.com/levtk/sequra/disburse v0.0.0-20240108123215-037f9639f5f6 h1:WhCM2aKnbFe0TGFpXMyzVapspblFtBaeNLn6zWVyPrY=
github.com/levtk/sequra/disburse v0.0.0-20240108123215-037f9639f5f6/go.mod h1:ejWmpXBf/oj2/nbehOb+Jywg8zLEgvXkZyzTuLtncK4=
github.com/levtk/sequra/disburse v0.0.0-20240108152804-99b257aabd27 h1:VvLQ6t0B0vf0HXn9jXf9Nb5xR85zjhfUu0t7GoKWg1k=
github.com/levtk/sequra/disburse v0.0.0-20240108152804-99b257aabd27/go.mod h1:tX55i/t5MHFMC/unmx+Vw+0CBK7Fj+/4MFvvKYVDsCk=
github.com/levtk/sequra/disburse v0.0.0-20240108161045-ac34baccb26e h1:lq+K9AaQZQCnrGzAb6SHYP37FUU05TdbLB8wjR5skJo=
github.com/levtk/sequra/disburse v0.0.0-20240108161045-ac34baccb26e/go.mod h1:tX55i/t5MHFMC/unmx+Vw+0CBK7Fj+/4MFvvKYVDsCk=
github.com/levtk/sequra/disburse v0.0.0-20240108161356-829df9e2b2ac h1:QDKV/tFLpgCaIpdb+AgqzQoo+iMUicbmPMkphqstUi4=
github.com/levtk/sequra/disburse v0.0.0-20240108161356-829df9e2b2ac/go.mod h1:tX55i/t5MHFMC/unmx+Vw+0CBK7Fj+/4MFvvKYVDsCk=
github.com/levtk/sequra/disburse v0.0.0-20240108163152-4aae6f0d4929 h1:j8KsYDbPTrH1PmiECzVxSTSH2it16rBu+0KOWgAKgKg=
github.com/levtk/sequra/disburse v0.0.0-20240108163152-4aae6f0d4929/go.mod h1:tX55i/t5MHFMC/unmx+Vw+0CBK7Fj+/4MFvvKYVDsCk=
github.com/levtk/sequra/disburse v0.0.0-20240108163322-d59cb2b313a2 h1:HrmrxVaWcx6+EclDvqDtLQE43Qsu6ksabMP0IQgYb7I=
github.com/levtk/sequra/disburse v0.0.0-20240108163322-d59cb2b313a2/go.mod h1:tX55i/t5MHFMC/unmx+Vw+0CBK7Fj+/4MFvvKYVDsCk=
github.com/levtk/sequra/disburse v0.0.0-20240108164423-ef287a5f867d h1:gf6WRsOewLlU8JKcuDfMPhbnD+rI2J4PBcg51vSVz8U=
github.com/levtk/sequra/disburse v0.0.0-20240108164423-ef287a5f867d/go.mod h1:tX55i/t5MHFMC/unmx+Vw+0CBK7Fj+/4MFvvKYVDsCk=
github.com/levtk/sequra/disburse v0.0.0-20240108164740-59995a3537cd h1:nTQ9JfZJCquGg2MsM1NKC3jFA4Ct+/DBGYimlZzjnRA=
github.com/levtk/sequra/disburse v0.0.0-20240108164740-59995a3537cd/go.mod h1:tX55i/t5MHFMC/unmx+Vw+0CBK7Fj+/4MFvvKYVDsCk=
github.com/levtk/sequra/disburse v0.0.0-20240109094919-492714fc606d h1:GaNM9RN2xNtCrS6LL1PWQQqdrHjGDXKYkeKPNQWz46Y=
github.com/levtk/sequra/disburse v0.0.0-20240109094919-492714fc606d/go.mod h1:zZ3gpGypocVcsIIbE5RTUMHQ50L9aY1ky9gYRHGZZME=
github.com/levtk/sequra/disburse v0.0.0-20240109135634-65d68f0eb851 h1:i8P6ckmxAnGAQa4FduY9Ba5uuwoRtjHlKWrmY1Kv9bo=
github.com/levtk/sequra/disburse v0.0.0-20240109135634-65d68f0eb851/go.mod h1:lHvyhdsLdWkAbSJMr8IhrDgEVKuDz7p+jiJ0SZzy9iM=
github.com/levtk/sequra/disburse v0.0.0-20240109140110-ca2c83e82eef h1:Ai0qgbHZ+EIdWo2bzJq02YnLF4Zqww2HywaBuLyVN8M=
github.com/levtk/sequra/disburse v0.0.0-20240109140110-ca2c83e82eef/go.mod h1:pJmsd/nkEhSx7H8pbrL14IWpiHd/xkgnp0GwVoLgmsI=
github.com/levtk/sequra/disburse v0.0.0-20240109142644-0e4595b3566f h1:DOBXQbf3CwK93BXrovBz9NwL7XnNaNeyKwGjgH2iyTI=
github.com/levtk/sequra/disburse v0.0.0-20240109142644-0e4595b3566f/go.mod h1:pJmsd/nkEhSx7H8pbrL14IWpiHd/xkgnp0GwVoLgmsI=
github.com/levtk/sequra/disburse v0.0.0-20240109150349-e9992d8f1608 h1:qybUaT2+cSvyq0xeSwSc7NpNTEB7fraLHeK+FYiS7ok=
github.com/levtk/sequra/disburse v0.0.0-20240109150349-e9992d8f1608/go.mod h1:2LJZ05x5Vp9kVBa+GRO/mZ6OQg2rAeohGxJdufPZnXg=
github.com/levtk/sequra/disburse v0.0.0-20240109151343-39365ee5a3b3 h1:5LjDxrTJ7bt7kuOVDM3HGYO3H+JUAFooBGEBKMHBxYA=
github.com/levtk/sequra/disburse v0.0.0-20240109151343-39365ee5a3b3/go.mod h1:2LJZ05x5Vp9kVBa+GRO/mZ6OQg2rAeohGxJdufPZnXg=
github.com/levtk/sequra/disburse v0.0.0-20240109152725-2a3f31cd52b8 h1:ntt89QMwObAlXZ+0jzOyBhbOn1BnKYU2gTtS6aN1CLE=
github.com/levtk/sequra/disburse v0.0.0-20240109152725-2a3f31cd52b8/go.mod h1:VuXly/cTx4pJsgNQy9VjCF+6aHn5rHUhQ1yf83IA44I=
github.com/levtk/sequra/repo v0.0.0-20240108122924-d948c2a31e5a h1:y+Gzdim8uC5vziwvyNNH8+iGFUxRVZsfLnyYsEWi+Zs=
github.com/levtk/sequra/repo v0.0.0-20240108122924-d948c2a31e5a/go.mod h1:gPVAUMd9uLtpsBMx5qbErF8T4bgvzfrnQfQfo+etr3M=
github.com/levtk/sequra/repo v0.0.0-20240108123215-037f9639f5f6 h1:hTMFYrDDC7cCM20gFCvJWaAOlX+6OyoVRQHZ0FS+ULo=
github.com/levtk/sequra/repo v0.0.0-20240108123215-037f9639f5f6/go.mod h1:gPVAUMd9uLtpsBMx5qbErF8T4bgvzfrnQfQfo+etr3M=
github.com/levtk/sequra/repo v0.0.0-20240108152804-99b257aabd27 h1:3kMwdmtKy5ghnPUiFuoVR5gRjPdk4rIUBqSjLch1tjY=
github.com/levtk/sequra/repo v0.0.0-20240108152804-99b257aabd27/go.mod h1:gPVAUMd9uLtpsBMx5qbErF8T4bgvzfrnQfQfo+etr3M=
github.com/levtk/sequra/repo v0.0.0-20240108161045-ac34baccb26e h1:xeMqwgMxk+lK7jJIi/hC3LxKMlAFAmzHTO0EcUtSotQ=
github.com/levtk/sequra/repo v0.0.0-20240108161045-ac34baccb26e/go.mod h1:gPVAUMd9uLtpsBMx5qbErF8T4bgvzfrnQfQfo+etr3M=
github.com/levtk/sequra/repo v0.0.0-20240108161356-829df9e2b2ac h1:kw0o5nSX29Jfoev64ThnTyFWpWuHxIsTGnrF3VLghAc=
github.com/levtk/sequra/repo v0.0.0-20240108161356-829df9e2b2ac/go.mod h1:gPVAUMd9uLtpsBMx5qbErF8T4bgvzfrnQfQfo+etr3M=
github.com/levtk/sequra/repo v0.0.0-20240108163152-4aae6f0d4929 h1:YX2q/Fozu/wnG2YXKpZ9w2h9ZwvMyOyHfdtSEL5FGL8=
github.com/levtk/sequra/repo v0.0.0-20240108163152-4aae6f0d4929/go.mod h1:gPVAUMd9uLtpsBMx5qbErF8T4bgvzfrnQfQfo+etr3M=
github.com/levtk/sequra/repo v0.0.0-20240108163322-d59cb2b313a2 h1:U2bQ+FDIqEisx3QBVNGjgRCGWFhDffzE8OhnOtk5mQE=
github.com/levtk/sequra/repo v0.0.0-20240108163322-d59cb2b313a2/go.mod h1:gPVAUMd9uLtpsBMx5qbErF8T4bgvzfrnQfQfo+etr3M=
github.com/levtk/sequra/repo v0.0.0-20240108164423-ef287a5f867d h1:vjElxjgy9VEWkwNUrA2e0hYyFRqk9dsgli39tDQy634=
github.com/levtk/sequra/repo v0.0.0-20240108164423-ef287a5f867d/go.mod h1:FNWMrywHxGNm5TataA7Dc/CroASaNgSdHE+GiJJtnWY=
github.com/levtk/sequra/repo v0.0.0-20240108164740-59995a3537cd h1:iwjUnKu2G5gdTnFo6jwpsR1NGDIvj4Dlt74rn8HQ5u0=
github.com/levtk/sequra/repo v0.0.0-20240108164740-59995a3537cd/go.mod h1:FNWMrywHxGNm5TataA7Dc/CroASaNgSdHE+GiJJtnWY=
github.com/levtk/sequra/repo v0.0.0-20240109094919-492714fc606d h1:mBcm3CVN+e5wB5jVavfsNlz5Dzl0Anqx/d/HVfrvDc0=
github.com/levtk/sequra/repo v0.0.0-20240109094919-492714fc606d/go.mod h1:WOkfMgbVVjaYsXXNJLfs8X1wzeb82ClHdckQ8ew7Gy8=
github.com/levtk/sequra/repo v0.0.0-20240109135634-65d68f0eb851 h1:xpYr7dO56El7/eipeMAt6x0qjk9wTgKtJ8cqoOobXVo=
github.com/levtk/sequra/repo v0.0.0-20240109135634-65d68f0eb851/go.mod h1:WOkfMgbVVjaYsXXNJLfs8X1wzeb82ClHdckQ8ew7Gy8=
github.com/levtk/sequra/repo v0.0.0-20240109140110-ca2c83e82eef h1:PznRtxfK+gAy78pc0m5dQn0ttPqbi42XLU/nTFBzJPM=
github.com/levtk/sequra/repo v0.0.0-20240109140110-ca2c83e82eef/go.mod h1:WOkfMgbVVjaYsXXNJLfs8X1wzeb82ClHdckQ8ew7Gy8=
github.com/levtk/sequra/repo v0.0.0-20240109142644-0e4595b3566f h1:qWugdly2MUUNaw4IrDbsdPEWFCK0uorinr05Sv2SVQM=
github.com/levtk/sequra/repo v0.0.0-20240109142644-0e4595b3566f/go.mod h1:0bLEWKTVYm2ECyJmOXVWMKsmjgvmHZbDEyF6p/nltOs=
github.com/levtk/sequra/repo v0.0.0-20240109150349-e9992d8f1608 h1:H0uD1CtVnqFa+olrqDbWWD+jDF7aiYmql9ojAdfBbDM=
github.com/levtk/sequra/repo v0.0.0-20240109150349-e9992d8f1608/go.mod h1:0bLEWKTVYm2ECyJmOXVWMKsmjgvmHZbDEyF6p/nltOs=
github.com/levtk/sequra/repo v0.0.0-20240109151343-39365ee5a3b3 h1:Blp0yj9qaHPlgBxIVE+gzQvaOc1ImIzmFAA7Bn7UmNg=
github.com/levtk/sequra/repo v0.0.0-20240109151343-39365ee5a3b3/go.mod h1:u/eWmO5bxS6yCvzuPIXYXMXofGjIBXdIxF5XnUHZ600=
github.com/levtk/sequra/repo v0.0.0-20240109152725-2a3f31cd52b8 h1:TrLdrZTgwRDAb30IJVL+7RuI9HbuCuQLZP6Zr3A5xio=
github.com/levtk/sequra/repo v0.0.0-20240109152725-2a3f31cd52b8/go.mod h1:u/eWmO5bxS6yCvzuPIXYXMXofGjIBXdIxF5XnUHZ600=
github.com/mattn/go-sqlite3 v1.14.19 h1:fhGleo2h1p8tVChob4I9HpmVFIAkKGpiukdrgQbWfGI=
github.com/mattn/go-sqlite3 v1.14.19/go.mod h1:2eHXhiwb8IkHr+BDWZGa96P6+rkvnG63S2DGjv9HUNg=
